
Microsoft Visual Studio Solution File, Format Version 12.00
# Visual Studio Version 16
VisualStudioVersion = 16.0.28922.388
MinimumVisualStudioVersion = 10.0.40219.1
Project("{FAE04EC0-301F-11D3-BF4B-00C04F79EFBC}") = "Contoso.DesktopApp", "Contoso.DesktopApp\Contoso.DesktopApp.csproj", "{4461E65B-0B33-472A-9762-8736D1FDF685}"
EndProject
Global
	GlobalSection(SolutionConfigurationPlatforms) = preSolution
		Debug|Any CPU = Debug|Any CPU
		Release|Any CPU = Release|Any CPU
	EndGlobalSection
	GlobalSection(ProjectConfigurationPlatforms) = postSolution
		{4461E65B-0B33-472A-9762-8736D1FDF685}.Debug|Any CPU.ActiveCfg = Debug|Any CPU
		{4461E65B-0B33-472A-9762-8736D1FDF685}.Debug|Any CPU.Build.0 = Debug|Any CPU
		{4461E65B-0B33-472A-9762-8736D1FDF685}.Release|Any CPU.ActiveCfg = Release|Any CPU
		{4461E65B-0B33-472A-9762-8736D1FDF685}.Release|Any CPU.Build.0 = Release|Any CPU
	EndGlobalSection
	GlobalSection(SolutionProperties) = preSolution
		HideSolutionNode = FALSE
	EndGlobalSection
	GlobalSection(ExtensibilityGlobals) = postSolution
		SolutionGuid = {307D1072-695B-4392-AFB9-F00AB94A925E}
	EndGlobalSection
EndGlobal
